
Microsoft Visual Studio Solution File, Format Version 12.00
# Visual Studio Version 17
VisualStudioVersion = 17.3.32929.385
MinimumVisualStudioVersion = 10.0.40219.1
Project("{FAE04EC0-301F-11D3-BF4B-00C04F79EFBC}") = "WebChempionat", "WebChempionat\WebChempionat.csproj", "{DBC60EEE-ACC0-4CCA-93CE-1E5F8B841925}"
EndProject
Global
	GlobalSection(SolutionConfigurationPlatforms) = preSolution
		Debug|Any CPU = Debug|Any CPU
		Release|Any CPU = Release|Any CPU
	EndGlobalSection
	GlobalSection(ProjectConfigurationPlatforms) = postSolution
		{DBC60EEE-ACC0-4CCA-93CE-1E5F8B841925}.Debug|Any CPU.ActiveCfg = Debug|Any CPU
		{DBC60EEE-ACC0-4CCA-93CE-1E5F8B841925}.Debug|Any CPU.Build.0 = Debug|Any CPU
		{DBC60EEE-ACC0-4CCA-93CE-1E5F8B841925}.Release|Any CPU.ActiveCfg = Release|Any CPU
		{DBC60EEE-ACC0-4CCA-93CE-1E5F8B841925}.Release|Any CPU.Build.0 = Release|Any CPU
	EndGlobalSection
	GlobalSection(SolutionProperties) = preSolution
		HideSolutionNode = FALSE
	EndGlobalSection
	GlobalSection(ExtensibilityGlobals) = postSolution
		SolutionGuid = {61CB6BC2-B8A8-4B39-8BCC-EBE695E0B9CD}
	EndGlobalSection
EndGlobal
